
Microsoft Visual Studio Solution File, Format Version 12.00
Project("{FAE04EC0-301F-11D3-BF4B-00C04F79EFBC}") = "ISEM551-Assignment1-GamesOn", "ISEM551-Assignment1-GamesOn.csproj", "{538AE00B-FD27-4729-9BF5-4596AE28FEDB}"
EndProject
Global
	GlobalSection(SolutionConfigurationPlatforms) = preSolution
		Debug|Any CPU = Debug|Any CPU
		Release|Any CPU = Release|Any CPU
	EndGlobalSection
	GlobalSection(ProjectConfigurationPlatforms) = postSolution
		{538AE00B-FD27-4729-9BF5-4596AE28FEDB}.Debug|Any CPU.ActiveCfg = Debug|Any CPU
		{538AE00B-FD27-4729-9BF5-4596AE28FEDB}.Debug|Any CPU.Build.0 = Debug|Any CPU
		{538AE00B-FD27-4729-9BF5-4596AE28FEDB}.Release|Any CPU.ActiveCfg = Release|Any CPU
		{538AE00B-FD27-4729-9BF5-4596AE28FEDB}.Release|Any CPU.Build.0 = Release|Any CPU
	EndGlobalSection
EndGlobal
